
Microsoft Visual Studio Solution File, Format Version 12.00
# Visual Studio Version 17
VisualStudioVersion = 17.6.33723.286
MinimumVisualStudioVersion = 10.0.40219.1
Project("{FAE04EC0-301F-11D3-BF4B-00C04F79EFBC}") = "Searching OMDB Lab", "Searching OMDB Lab\Searching OMDB Lab.csproj", "{F55DD32F-9725-4B13-8EA5-3D68E5A3E649}"
EndProject
Global
	GlobalSection(SolutionConfigurationPlatforms) = preSolution
		Debug|Any CPU = Debug|Any CPU
		Release|Any CPU = Release|Any CPU
	EndGlobalSection
	GlobalSection(ProjectConfigurationPlatforms) = postSolution
		{F55DD32F-9725-4B13-8EA5-3D68E5A3E649}.Debug|Any CPU.ActiveCfg = Debug|Any CPU
		{F55DD32F-9725-4B13-8EA5-3D68E5A3E649}.Debug|Any CPU.Build.0 = Debug|Any CPU
		{F55DD32F-9725-4B13-8EA5-3D68E5A3E649}.Release|Any CPU.ActiveCfg = Release|Any CPU
		{F55DD32F-9725-4B13-8EA5-3D68E5A3E649}.Release|Any CPU.Build.0 = Release|Any CPU
	EndGlobalSection
	GlobalSection(SolutionProperties) = preSolution
		HideSolutionNode = FALSE
	EndGlobalSection
	GlobalSection(ExtensibilityGlobals) = postSolution
		SolutionGuid = {4BDFF3FF-DB40-4A0E-B895-736C84FA8063}
	EndGlobalSection
EndGlobal
